# =============================================================================
#  Wiki-USB Release 依赖锁 —— 完整依赖闭包、== 精确锁定、含 environment marker
# =============================================================================
#  本文件由 scripts/lock_dependencies.py 生成，不要手工编辑。
#  重新生成：python scripts/lock_dependencies.py
#
#  解析解释器 : Python 3.11.9
#  生成时间   : 2026-09-17T14:07:12Z
#  pip-tools  : 7.6.1
#  源清单     : requirements.txt（直接依赖 + 兼容区间）
#
#  安装（发布构建 / CI）：  pip install -r requirements-release.lock
#  开发安装（浮动区间）：  pip install -r requirements.txt
#  注意：本锁不含 pip / setuptools / wheel（非产品运行依赖）。
#  SHA256 由运行时（diagnostics）对最终文件计算，不固定在头里以免与正文漂移。
# =============================================================================
#
# This file is autogenerated by pip-compile with Python 3.11
# by the following command:
#
#    pip-compile --no-index --output-file='C:\Users\huqih\AppData\Local\Temp\wikiusb-lock-wga6fd1g\raw.lock' --strip-extras 'F:\项目\USB-WIKI\requirements.txt'
#
anyio==4.15.1
    # via httpx
babel==2.18.0
    # via courlan
certifi==2026.7.22
    # via
    #   -r F:/项目/USB-WIKI/requirements.txt
    #   httpcore
    #   httpx
    #   requests
    #   trafilatura
cffi==2.1.1
    # via cryptography
charset-normalizer==3.5.1
    # via
    #   htmldate
    #   pdfminer-six
    #   requests
    #   trafilatura
click==8.5.0
    # via huggingface-hub
colorama==0.4.6
    # via tqdm
courlan==1.4.0
    # via trafilatura
cryptography==50.0.1
    # via pdfminer-six
dateparser==1.4.3
    # via htmldate
filelock==4.0.0
    # via huggingface-hub
flatbuffers==25.12.19
    # via onnxruntime
fsspec==2026.7.0
    # via huggingface-hub
h11==0.16.0
    # via httpcore
hf-xet==1.6.0
    # via huggingface-hub
htmldate==1.10.0
    # via trafilatura
httpcore==1.0.9
    # via httpx
httpx==0.28.1
    # via huggingface-hub
huggingface-hub==1.32.0
    # via tokenizers
idna==3.19
    # via
    #   anyio
    #   httpx
    #   requests
justext==3.0.2
    # via trafilatura
lxml==6.1.3
    # via
    #   -r F:/项目/USB-WIKI/requirements.txt
    #   htmldate
    #   justext
    #   lxml-html-clean
    #   trafilatura
lxml-html-clean==0.4.5
    # via lxml
numpy==2.4.6
    # via onnxruntime
onnxruntime==1.30.0
    # via -r F:/项目/USB-WIKI/requirements.txt
packaging==26.3
    # via
    #   huggingface-hub
    #   onnxruntime
pdfminer-six==20260107
    # via -r F:/项目/USB-WIKI/requirements.txt
protobuf==7.36.1
    # via onnxruntime
pycparser==3.0
    # via cffi
pypdf==6.19.0
    # via -r F:/项目/USB-WIKI/requirements.txt
python-dateutil==2.9.0.post0
    # via
    #   dateparser
    #   htmldate
pytz==2026.3.post1
    # via dateparser
pyyaml==6.0.3
    # via
    #   -r F:/项目/USB-WIKI/requirements.txt
    #   huggingface-hub
regex==2026.9.10
    # via dateparser
requests==2.34.2
    # via -r F:/项目/USB-WIKI/requirements.txt
six==1.17.0
    # via python-dateutil
sqlite-vec==0.1.9
    # via -r F:/项目/USB-WIKI/requirements.txt
tld==0.13.2
    # via courlan
tokenizers==0.23.2
    # via -r F:/项目/USB-WIKI/requirements.txt
tqdm==4.70.1
    # via huggingface-hub
trafilatura==2.2.0
    # via -r F:/项目/USB-WIKI/requirements.txt
typing-extensions==4.16.0
    # via
    #   anyio
    #   huggingface-hub
tzdata==2026.4
    # via tzlocal
tzlocal==5.4.4
    # via dateparser
urllib3==2.8.0
    # via
    #   courlan
    #   htmldate
    #   requests
    #   trafilatura
xxhash==4.0.1
    # via -r F:/项目/USB-WIKI/requirements.txt
